
Microsoft Visual Studio Solution File, Format Version 12.00
# Visual Studio Version 17
VisualStudioVersion = 17.11.35222.181
MinimumVisualStudioVersion = 10.0.40219.1
Project("{FAE04EC0-301F-11D3-BF4B-00C04F79EFBC}") = "UnitConverter.Api", "src\UnitConverter.Api\UnitConverter.Api.csproj", "{857E9BAF-E1A4-4F97-80D8-0093477C866A}"
EndProject
Project("{FAE04EC0-301F-11D3-BF4B-00C04F79EFBC}") = "UnitConverter.Api.Tests", "tests\UnitConverter.Api.Tests\UnitConverter.Api.Tests.csproj", "{930E0044-A310-4ABD-BE4B-16767949C6D7}"
EndProject
Global
	GlobalSection(SolutionConfigurationPlatforms) = preSolution
		Debug|Any CPU = Debug|Any CPU
		Release|Any CPU = Release|Any CPU
	EndGlobalSection
	GlobalSection(ProjectConfigurationPlatforms) = postSolution
		{857E9BAF-E1A4-4F97-80D8-0093477C866A}.Debug|Any CPU.ActiveCfg = Debug|Any CPU
		{857E9BAF-E1A4-4F97-80D8-0093477C866A}.Debug|Any CPU.Build.0 = Debug|Any CPU
		{857E9BAF-E1A4-4F97-80D8-0093477C866A}.Release|Any CPU.ActiveCfg = Release|Any CPU
		{857E9BAF-E1A4-4F97-80D8-0093477C866A}.Release|Any CPU.Build.0 = Release|Any CPU
		{930E0044-A310-4ABD-BE4B-16767949C6D7}.Debug|Any CPU.ActiveCfg = Debug|Any CPU
		{930E0044-A310-4ABD-BE4B-16767949C6D7}.Debug|Any CPU.Build.0 = Debug|Any CPU
		{930E0044-A310-4ABD-BE4B-16767949C6D7}.Release|Any CPU.ActiveCfg = Release|Any CPU
		{930E0044-A310-4ABD-BE4B-16767949C6D7}.Release|Any CPU.Build.0 = Release|Any CPU
	EndGlobalSection
	GlobalSection(SolutionProperties) = preSolution
		HideSolutionNode = FALSE
	EndGlobalSection
	GlobalSection(ExtensibilityGlobals) = postSolution
		SolutionGuid = {AA577EC3-E51C-4EE2-99AD-BB31E965E739}
	EndGlobalSection
EndGlobal
